{
  "name": "herschel666-arc-macros-custom-log-groups",
  "version": "0.1.2",
  "lockfileVersion": 1,
  "requires": true,
  "dependencies": {
    "@architect/parser": {
      "version": "2.0.1",
      "resolved": "https://registry.npmjs.org/@architect/parser/-/parser-2.0.1.tgz",
      "integrity": "sha512-PfK6cvSu17VpRYPbT3mPd0afkGageCrZ+bU5+YV6j3TiHw/4I+gb1epjf3dWKuK118GCgVZLkL1XYgF/2N2Egg==",
      "dev": true
    }
  }
}
