{
  "name": "herschel666-arc-macros-custom-log-groups",
  "version": "0.1.1",
  "lockfileVersion": 1,
  "requires": true,
  "dependencies": {
    "@architect/parser": {
      "version": "1.2.1",
      "resolved": "https://registry.npmjs.org/@architect/parser/-/parser-1.2.1.tgz",
      "integrity": "sha512-UJyCvJqF4p1ec3EpofHQRMXjEEQaD2xZrzB4buTYjQvZF0FZ9FO4sM3EKbaLHOIe3KDjDGseL0xAkt794rvYrw==",
      "dev": true
    }
  }
}
