{
  "name": "herschel666-arc-macros-custom-log-groups",
  "version": "0.1.2",
  "lockfileVersion": 1,
  "requires": true,
  "dependencies": {
    "@architect/parser": {
      "version": "2.1.1",
      "resolved": "https://registry.npmjs.org/@architect/parser/-/parser-2.1.1.tgz",
      "integrity": "sha512-FCO7mysHWm/8k3tEPUW8iC9Jh8WHnPsZcby0Rx406+wNdOTlnpCrjZ6Kxa21o4PNIIPx6HX9R0v7Kf/s7AX4+A==",
      "dev": true
    }
  }
}
